
Microsoft Visual Studio Solution File, Format Version 12.00
# Visual Studio Version 17
VisualStudioVersion = 17.12.35506.116 d17.12
MinimumVisualStudioVersion = 10.0.40219.1
Project("{FAE04EC0-301F-11D3-BF4B-00C04F79EFBC}") = "Clean.API", "Clean.Api\Clean.API.csproj", "{2937A398-FF65-48C1-8FAC-4A1B855360A3}"
EndProject
Project("{FAE04EC0-301F-11D3-BF4B-00C04F79EFBC}") = "Clean.Core", "Clean.Core\Clean.Core.csproj", "{3F640B82-2114-4AF4-A8E4-7B81272C3393}"
EndProject
Project("{FAE04EC0-301F-11D3-BF4B-00C04F79EFBC}") = "Clean.Data", "Clean.Data\Clean.Data.csproj", "{86FFD110-F677-4742-BE0D-2F047440EC23}"
EndProject
Project("{FAE04EC0-301F-11D3-BF4B-00C04F79EFBC}") = "Clean.Service", "Clean.Service\Clean.Service.csproj", "{6CDA22D7-902F-4142-82AC-EB21C2D9DE09}"
EndProject
Global
	GlobalSection(SolutionConfigurationPlatforms) = preSolution
		Debug|Any CPU = Debug|Any CPU
		Release|Any CPU = Release|Any CPU
	EndGlobalSection
	GlobalSection(ProjectConfigurationPlatforms) = postSolution
		{2937A398-FF65-48C1-8FAC-4A1B855360A3}.Debug|Any CPU.ActiveCfg = Debug|Any CPU
		{2937A398-FF65-48C1-8FAC-4A1B855360A3}.Debug|Any CPU.Build.0 = Debug|Any CPU
		{2937A398-FF65-48C1-8FAC-4A1B855360A3}.Release|Any CPU.ActiveCfg = Release|Any CPU
		{2937A398-FF65-48C1-8FAC-4A1B855360A3}.Release|Any CPU.Build.0 = Release|Any CPU
		{3F640B82-2114-4AF4-A8E4-7B81272C3393}.Debug|Any CPU.ActiveCfg = Debug|Any CPU
		{3F640B82-2114-4AF4-A8E4-7B81272C3393}.Debug|Any CPU.Build.0 = Debug|Any CPU
		{3F640B82-2114-4AF4-A8E4-7B81272C3393}.Release|Any CPU.ActiveCfg = Release|Any CPU
		{3F640B82-2114-4AF4-A8E4-7B81272C3393}.Release|Any CPU.Build.0 = Release|Any CPU
		{86FFD110-F677-4742-BE0D-2F047440EC23}.Debug|Any CPU.ActiveCfg = Debug|Any CPU
		{86FFD110-F677-4742-BE0D-2F047440EC23}.Debug|Any CPU.Build.0 = Debug|Any CPU
		{86FFD110-F677-4742-BE0D-2F047440EC23}.Release|Any CPU.ActiveCfg = Release|Any CPU
		{86FFD110-F677-4742-BE0D-2F047440EC23}.Release|Any CPU.Build.0 = Release|Any CPU
		{6CDA22D7-902F-4142-82AC-EB21C2D9DE09}.Debug|Any CPU.ActiveCfg = Debug|Any CPU
		{6CDA22D7-902F-4142-82AC-EB21C2D9DE09}.Debug|Any CPU.Build.0 = Debug|Any CPU
		{6CDA22D7-902F-4142-82AC-EB21C2D9DE09}.Release|Any CPU.ActiveCfg = Release|Any CPU
		{6CDA22D7-902F-4142-82AC-EB21C2D9DE09}.Release|Any CPU.Build.0 = Release|Any CPU
	EndGlobalSection
	GlobalSection(SolutionProperties) = preSolution
		HideSolutionNode = FALSE
	EndGlobalSection
EndGlobal
